
Microsoft Visual Studio Solution File, Format Version 12.00
# Visual Studio Version 16
VisualStudioVersion = 16.0.29306.81
MinimumVisualStudioVersion = 10.0.40219.1
Project("{FAE04EC0-301F-11D3-BF4B-00C04F79EFBC}") = "RFIDKonumBelirleme", "RFIDKonumBelirleme\RFIDKonumBelirleme.csproj", "{0B5DF64A-48EB-4AB8-9DC5-D35C93813A8D}"
EndProject
Global
	GlobalSection(SolutionConfigurationPlatforms) = preSolution
		Debug|Any CPU = Debug|Any CPU
		Release|Any CPU = Release|Any CPU
	EndGlobalSection
	GlobalSection(ProjectConfigurationPlatforms) = postSolution
		{0B5DF64A-48EB-4AB8-9DC5-D35C93813A8D}.Debug|Any CPU.ActiveCfg = Debug|Any CPU
		{0B5DF64A-48EB-4AB8-9DC5-D35C93813A8D}.Debug|Any CPU.Build.0 = Debug|Any CPU
		{0B5DF64A-48EB-4AB8-9DC5-D35C93813A8D}.Release|Any CPU.ActiveCfg = Release|Any CPU
		{0B5DF64A-48EB-4AB8-9DC5-D35C93813A8D}.Release|Any CPU.Build.0 = Release|Any CPU
	EndGlobalSection
	GlobalSection(SolutionProperties) = preSolution
		HideSolutionNode = FALSE
	EndGlobalSection
	GlobalSection(ExtensibilityGlobals) = postSolution
		SolutionGuid = {94B4CA24-C16D-4451-A25F-B6A8DDC4F2B2}
	EndGlobalSection
EndGlobal
